
Microsoft Visual Studio Solution File, Format Version 12.00
# Visual Studio Version 16
VisualStudioVersion = 16.0.31515.178
MinimumVisualStudioVersion = 10.0.40219.1
Project("{9A19103F-16F7-4668-BE54-9A1E7A4F7556}") = "ReadingIsGood.Api", "ReadingIsGood.Api\ReadingIsGood.Api.csproj", "{EF31DCDE-9C4E-4580-9344-E52ACBD24CE8}"
EndProject
Project("{9A19103F-16F7-4668-BE54-9A1E7A4F7556}") = "ReadingIsGood.EntityLayer", "ReadingIsGood.EntityLayer\ReadingIsGood.EntityLayer.csproj", "{071B5441-DB31-4A9A-9A5F-931D32C65A24}"
EndProject
Project("{9A19103F-16F7-4668-BE54-9A1E7A4F7556}") = "ReadingIsGood.BusinessLayer", "ReadingIsGood.BusinessLayer\ReadingIsGood.BusinessLayer.csproj", "{38F9D5CA-A827-43E7-8AFA-72D3D649F0F0}"
EndProject
Project("{9A19103F-16F7-4668-BE54-9A1E7A4F7556}") = "ReadingIsGood.DataLayer", "ReadingIsGood.DataLayer\ReadingIsGood.DataLayer.csproj", "{0FC6A891-B2F8-4D53-A714-C0FC4B43729D}"
EndProject
Project("{9A19103F-16F7-4668-BE54-9A1E7A4F7556}") = "ReadingIsGood.Utils", "ReadingIsGood.Utils\ReadingIsGood.Utils.csproj", "{D9ED2600-CCF7-41FB-AC9D-76BB09423B7F}"
EndProject
Global
	GlobalSection(SolutionConfigurationPlatforms) = preSolution
		Debug|Any CPU = Debug|Any CPU
		Release|Any CPU = Release|Any CPU
	EndGlobalSection
	GlobalSection(ProjectConfigurationPlatforms) = postSolution
		{EF31DCDE-9C4E-4580-9344-E52ACBD24CE8}.Debug|Any CPU.ActiveCfg = Debug|Any CPU
		{EF31DCDE-9C4E-4580-9344-E52ACBD24CE8}.Debug|Any CPU.Build.0 = Debug|Any CPU
		{EF31DCDE-9C4E-4580-9344-E52ACBD24CE8}.Release|Any CPU.ActiveCfg = Release|Any CPU
		{EF31DCDE-9C4E-4580-9344-E52ACBD24CE8}.Release|Any CPU.Build.0 = Release|Any CPU
		{071B5441-DB31-4A9A-9A5F-931D32C65A24}.Debug|Any CPU.ActiveCfg = Debug|Any CPU
		{071B5441-DB31-4A9A-9A5F-931D32C65A24}.Debug|Any CPU.Build.0 = Debug|Any CPU
		{071B5441-DB31-4A9A-9A5F-931D32C65A24}.Release|Any CPU.ActiveCfg = Release|Any CPU
		{071B5441-DB31-4A9A-9A5F-931D32C65A24}.Release|Any CPU.Build.0 = Release|Any CPU
		{38F9D5CA-A827-43E7-8AFA-72D3D649F0F0}.Debug|Any CPU.ActiveCfg = Debug|Any CPU
		{38F9D5CA-A827-43E7-8AFA-72D3D649F0F0}.Debug|Any CPU.Build.0 = Debug|Any CPU
		{38F9D5CA-A827-43E7-8AFA-72D3D649F0F0}.Release|Any CPU.ActiveCfg = Release|Any CPU
		{38F9D5CA-A827-43E7-8AFA-72D3D649F0F0}.Release|Any CPU.Build.0 = Release|Any CPU
		{0FC6A891-B2F8-4D53-A714-C0FC4B43729D}.Debug|Any CPU.ActiveCfg = Debug|Any CPU
		{0FC6A891-B2F8-4D53-A714-C0FC4B43729D}.Debug|Any CPU.Build.0 = Debug|Any CPU
		{0FC6A891-B2F8-4D53-A714-C0FC4B43729D}.Release|Any CPU.ActiveCfg = Release|Any CPU
		{0FC6A891-B2F8-4D53-A714-C0FC4B43729D}.Release|Any CPU.Build.0 = Release|Any CPU
		{D9ED2600-CCF7-41FB-AC9D-76BB09423B7F}.Debug|Any CPU.ActiveCfg = Debug|Any CPU
		{D9ED2600-CCF7-41FB-AC9D-76BB09423B7F}.Debug|Any CPU.Build.0 = Debug|Any CPU
		{D9ED2600-CCF7-41FB-AC9D-76BB09423B7F}.Release|Any CPU.ActiveCfg = Release|Any CPU
		{D9ED2600-CCF7-41FB-AC9D-76BB09423B7F}.Release|Any CPU.Build.0 = Release|Any CPU
	EndGlobalSection
	GlobalSection(SolutionProperties) = preSolution
		HideSolutionNode = FALSE
	EndGlobalSection
	GlobalSection(ExtensibilityGlobals) = postSolution
		SolutionGuid = {2FE2735F-8244-4D16-9B7C-6D0196394A10}
	EndGlobalSection
EndGlobal
